
Microsoft Visual Studio Solution File, Format Version 12.00
# Visual Studio Version 17
VisualStudioVersion = 17.14.36414.22 d17.14
MinimumVisualStudioVersion = 10.0.40219.1
Project("{FAE04EC0-301F-11D3-BF4B-00C04F79EFBC}") = "practice_7_api", "practice_7_api\practice_7_api.csproj", "{AA408112-C809-4350-B833-C6432CCFF3ED}"
EndProject
Global
	GlobalSection(SolutionConfigurationPlatforms) = preSolution
		Debug|Any CPU = Debug|Any CPU
		Release|Any CPU = Release|Any CPU
	EndGlobalSection
	GlobalSection(ProjectConfigurationPlatforms) = postSolution
		{AA408112-C809-4350-B833-C6432CCFF3ED}.Debug|Any CPU.ActiveCfg = Debug|Any CPU
		{AA408112-C809-4350-B833-C6432CCFF3ED}.Debug|Any CPU.Build.0 = Debug|Any CPU
		{AA408112-C809-4350-B833-C6432CCFF3ED}.Release|Any CPU.ActiveCfg = Release|Any CPU
		{AA408112-C809-4350-B833-C6432CCFF3ED}.Release|Any CPU.Build.0 = Release|Any CPU
	EndGlobalSection
	GlobalSection(SolutionProperties) = preSolution
		HideSolutionNode = FALSE
	EndGlobalSection
	GlobalSection(ExtensibilityGlobals) = postSolution
		SolutionGuid = {5A239529-4012-4624-92C8-D48F14FC0B90}
	EndGlobalSection
EndGlobal
